
Microsoft Visual Studio Solution File, Format Version 12.00
# Visual Studio Version 17
VisualStudioVersion = 17.0.31903.59
MinimumVisualStudioVersion = 10.0.40219.1
Project("{FAE04EC0-301F-11D3-BF4B-00C04F79EFBC}") = "Agent.Abstractions", "Agent.Abstractions\Agent.Abstractions.csproj", "{0A6FA79E-0A02-4D53-B682-D25E4AA5DB61}"
EndProject
Project("{FAE04EC0-301F-11D3-BF4B-00C04F79EFBC}") = "Agent.Core", "Agent.Core\Agent.Core.csproj", "{75EBEAC2-4ABD-4140-847D-806C72DEBA09}"
EndProject
Project("{FAE04EC0-301F-11D3-BF4B-00C04F79EFBC}") = "Agent.Runtime", "Agent.Runtime\Agent.Runtime.csproj", "{F3886DA3-D41F-4405-9528-C2EC130442BE}"
EndProject
Project("{FAE04EC0-301F-11D3-BF4B-00C04F79EFBC}") = "Agent.Tools", "Agent.Tools\Agent.Tools.csproj", "{90DC7318-2DCE-41E8-9A9E-1CF0750E42C3}"
EndProject
Project("{FAE04EC0-301F-11D3-BF4B-00C04F79EFBC}") = "Services.GrpcServer", "Services.GrpcServer\Services.GrpcServer.csproj", "{A58C6D38-A27B-42F4-96FC-16B1F51ADB9B}"
EndProject
Project("{FAE04EC0-301F-11D3-BF4B-00C04F79EFBC}") = "Simulators.Modbus", "Simulators.Modbus\Simulators.Modbus.csproj", "{E069F327-9904-4266-9B46-4DB9B2838416}"
EndProject
Project("{FAE04EC0-301F-11D3-BF4B-00C04F79EFBC}") = "Agent.Tests", "..\tests\Agent.Tests\Agent.Tests.csproj", "{FF33BA53-A729-49E4-9D1F-C1031684C1D8}"
EndProject
Global
	GlobalSection(SolutionConfigurationPlatforms) = preSolution
		Debug|Any CPU = Debug|Any CPU
		Debug|x64 = Debug|x64
		Debug|x86 = Debug|x86
		Release|Any CPU = Release|Any CPU
		Release|x64 = Release|x64
		Release|x86 = Release|x86
	EndGlobalSection
	GlobalSection(ProjectConfigurationPlatforms) = postSolution
		{0A6FA79E-0A02-4D53-B682-D25E4AA5DB61}.Debug|Any CPU.ActiveCfg = Debug|Any CPU
		{0A6FA79E-0A02-4D53-B682-D25E4AA5DB61}.Debug|Any CPU.Build.0 = Debug|Any CPU
		{0A6FA79E-0A02-4D53-B682-D25E4AA5DB61}.Debug|x64.ActiveCfg = Debug|Any CPU
		{0A6FA79E-0A02-4D53-B682-D25E4AA5DB61}.Debug|x64.Build.0 = Debug|Any CPU
		{0A6FA79E-0A02-4D53-B682-D25E4AA5DB61}.Debug|x86.ActiveCfg = Debug|Any CPU
		{0A6FA79E-0A02-4D53-B682-D25E4AA5DB61}.Debug|x86.Build.0 = Debug|Any CPU
		{0A6FA79E-0A02-4D53-B682-D25E4AA5DB61}.Release|Any CPU.ActiveCfg = Release|Any CPU
		{0A6FA79E-0A02-4D53-B682-D25E4AA5DB61}.Release|Any CPU.Build.0 = Release|Any CPU
		{0A6FA79E-0A02-4D53-B682-D25E4AA5DB61}.Release|x64.ActiveCfg = Release|Any CPU
		{0A6FA79E-0A02-4D53-B682-D25E4AA5DB61}.Release|x64.Build.0 = Release|Any CPU
		{0A6FA79E-0A02-4D53-B682-D25E4AA5DB61}.Release|x86.ActiveCfg = Release|Any CPU
		{0A6FA79E-0A02-4D53-B682-D25E4AA5DB61}.Release|x86.Build.0 = Release|Any CPU
		{75EBEAC2-4ABD-4140-847D-806C72DEBA09}.Debug|Any CPU.ActiveCfg = Debug|Any CPU
		{75EBEAC2-4ABD-4140-847D-806C72DEBA09}.Debug|Any CPU.Build.0 = Debug|Any CPU
		{75EBEAC2-4ABD-4140-847D-806C72DEBA09}.Debug|x64.ActiveCfg = Debug|Any CPU
		{75EBEAC2-4ABD-4140-847D-806C72DEBA09}.Debug|x64.Build.0 = Debug|Any CPU
		{75EBEAC2-4ABD-4140-847D-806C72DEBA09}.Debug|x86.ActiveCfg = Debug|Any CPU
		{75EBEAC2-4ABD-4140-847D-806C72DEBA09}.Debug|x86.Build.0 = Debug|Any CPU
		{75EBEAC2-4ABD-4140-847D-806C72DEBA09}.Release|Any CPU.ActiveCfg = Release|Any CPU
		{75EBEAC2-4ABD-4140-847D-806C72DEBA09}.Release|Any CPU.Build.0 = Release|Any CPU
		{75EBEAC2-4ABD-4140-847D-806C72DEBA09}.Release|x64.ActiveCfg = Release|Any CPU
		{75EBEAC2-4ABD-4140-847D-806C72DEBA09}.Release|x64.Build.0 = Release|Any CPU
		{75EBEAC2-4ABD-4140-847D-806C72DEBA09}.Release|x86.ActiveCfg = Release|Any CPU
		{75EBEAC2-4ABD-4140-847D-806C72DEBA09}.Release|x86.Build.0 = Release|Any CPU
		{F3886DA3-D41F-4405-9528-C2EC130442BE}.Debug|Any CPU.ActiveCfg = Debug|Any CPU
		{F3886DA3-D41F-4405-9528-C2EC130442BE}.Debug|Any CPU.Build.0 = Debug|Any CPU
		{F3886DA3-D41F-4405-9528-C2EC130442BE}.Debug|x64.ActiveCfg = Debug|Any CPU
		{F3886DA3-D41F-4405-9528-C2EC130442BE}.Debug|x64.Build.0 = Debug|Any CPU
		{F3886DA3-D41F-4405-9528-C2EC130442BE}.Debug|x86.ActiveCfg = Debug|Any CPU
		{F3886DA3-D41F-4405-9528-C2EC130442BE}.Debug|x86.Build.0 = Debug|Any CPU
		{F3886DA3-D41F-4405-9528-C2EC130442BE}.Release|Any CPU.ActiveCfg = Release|Any CPU
		{F3886DA3-D41F-4405-9528-C2EC130442BE}.Release|Any CPU.Build.0 = Release|Any CPU
		{F3886DA3-D41F-4405-9528-C2EC130442BE}.Release|x64.ActiveCfg = Release|Any CPU
		{F3886DA3-D41F-4405-9528-C2EC130442BE}.Release|x64.Build.0 = Release|Any CPU
		{F3886DA3-D41F-4405-9528-C2EC130442BE}.Release|x86.ActiveCfg = Release|Any CPU
		{F3886DA3-D41F-4405-9528-C2EC130442BE}.Release|x86.Build.0 = Release|Any CPU
		{90DC7318-2DCE-41E8-9A9E-1CF0750E42C3}.Debug|Any CPU.ActiveCfg = Debug|Any CPU
		{90DC7318-2DCE-41E8-9A9E-1CF0750E42C3}.Debug|Any CPU.Build.0 = Debug|Any CPU
		{90DC7318-2DCE-41E8-9A9E-1CF0750E42C3}.Debug|x64.ActiveCfg = Debug|Any CPU
		{90DC7318-2DCE-41E8-9A9E-1CF0750E42C3}.Debug|x64.Build.0 = Debug|Any CPU
		{90DC7318-2DCE-41E8-9A9E-1CF0750E42C3}.Debug|x86.ActiveCfg = Debug|Any CPU
		{90DC7318-2DCE-41E8-9A9E-1CF0750E42C3}.Debug|x86.Build.0 = Debug|Any CPU
		{90DC7318-2DCE-41E8-9A9E-1CF0750E42C3}.Release|Any CPU.ActiveCfg = Release|Any CPU
		{90DC7318-2DCE-41E8-9A9E-1CF0750E42C3}.Release|Any CPU.Build.0 = Release|Any CPU
		{90DC7318-2DCE-41E8-9A9E-1CF0750E42C3}.Release|x64.ActiveCfg = Release|Any CPU
		{90DC7318-2DCE-41E8-9A9E-1CF0750E42C3}.Release|x64.Build.0 = Release|Any CPU
		{90DC7318-2DCE-41E8-9A9E-1CF0750E42C3}.Release|x86.ActiveCfg = Release|Any CPU
		{90DC7318-2DCE-41E8-9A9E-1CF0750E42C3}.Release|x86.Build.0 = Release|Any CPU
		{A58C6D38-A27B-42F4-96FC-16B1F51ADB9B}.Debug|Any CPU.ActiveCfg = Debug|Any CPU
		{A58C6D38-A27B-42F4-96FC-16B1F51ADB9B}.Debug|Any CPU.Build.0 = Debug|Any CPU
		{A58C6D38-A27B-42F4-96FC-16B1F51ADB9B}.Debug|x64.ActiveCfg = Debug|Any CPU
		{A58C6D38-A27B-42F4-96FC-16B1F51ADB9B}.Debug|x64.Build.0 = Debug|Any CPU
		{A58C6D38-A27B-42F4-96FC-16B1F51ADB9B}.Debug|x86.ActiveCfg = Debug|Any CPU
		{A58C6D38-A27B-42F4-96FC-16B1F51ADB9B}.Debug|x86.Build.0 = Debug|Any CPU
		{A58C6D38-A27B-42F4-96FC-16B1F51ADB9B}.Release|Any CPU.ActiveCfg = Release|Any CPU
		{A58C6D38-A27B-42F4-96FC-16B1F51ADB9B}.Release|Any CPU.Build.0 = Release|Any CPU
		{A58C6D38-A27B-42F4-96FC-16B1F51ADB9B}.Release|x64.ActiveCfg = Release|Any CPU
		{A58C6D38-A27B-42F4-96FC-16B1F51ADB9B}.Release|x64.Build.0 = Release|Any CPU
		{A58C6D38-A27B-42F4-96FC-16B1F51ADB9B}.Release|x86.ActiveCfg = Release|Any CPU
		{A58C6D38-A27B-42F4-96FC-16B1F51ADB9B}.Release|x86.Build.0 = Release|Any CPU
		{E069F327-9904-4266-9B46-4DB9B2838416}.Debug|Any CPU.ActiveCfg = Debug|Any CPU
		{E069F327-9904-4266-9B46-4DB9B2838416}.Debug|Any CPU.Build.0 = Debug|Any CPU
		{E069F327-9904-4266-9B46-4DB9B2838416}.Debug|x64.ActiveCfg = Debug|Any CPU
		{E069F327-9904-4266-9B46-4DB9B2838416}.Debug|x64.Build.0 = Debug|Any CPU
		{E069F327-9904-4266-9B46-4DB9B2838416}.Debug|x86.ActiveCfg = Debug|Any CPU
		{E069F327-9904-4266-9B46-4DB9B2838416}.Debug|x86.Build.0 = Debug|Any CPU
		{E069F327-9904-4266-9B46-4DB9B2838416}.Release|Any CPU.ActiveCfg = Release|Any CPU
		{E069F327-9904-4266-9B46-4DB9B2838416}.Release|Any CPU.Build.0 = Release|Any CPU
		{E069F327-9904-4266-9B46-4DB9B2838416}.Release|x64.ActiveCfg = Release|Any CPU
		{E069F327-9904-4266-9B46-4DB9B2838416}.Release|x64.Build.0 = Release|Any CPU
		{E069F327-9904-4266-9B46-4DB9B2838416}.Release|x86.ActiveCfg = Release|Any CPU
		{E069F327-9904-4266-9B46-4DB9B2838416}.Release|x86.Build.0 = Release|Any CPU
		{FF33BA53-A729-49E4-9D1F-C1031684C1D8}.Debug|Any CPU.ActiveCfg = Debug|Any CPU
		{FF33BA53-A729-49E4-9D1F-C1031684C1D8}.Debug|Any CPU.Build.0 = Debug|Any CPU
		{FF33BA53-A729-49E4-9D1F-C1031684C1D8}.Debug|x64.ActiveCfg = Debug|Any CPU
		{FF33BA53-A729-49E4-9D1F-C1031684C1D8}.Debug|x64.Build.0 = Debug|Any CPU
		{FF33BA53-A729-49E4-9D1F-C1031684C1D8}.Debug|x86.ActiveCfg = Debug|Any CPU
		{FF33BA53-A729-49E4-9D1F-C1031684C1D8}.Debug|x86.Build.0 = Debug|Any CPU
		{FF33BA53-A729-49E4-9D1F-C1031684C1D8}.Release|Any CPU.ActiveCfg = Release|Any CPU
		{FF33BA53-A729-49E4-9D1F-C1031684C1D8}.Release|Any CPU.Build.0 = Release|Any CPU
		{FF33BA53-A729-49E4-9D1F-C1031684C1D8}.Release|x64.ActiveCfg = Release|Any CPU
		{FF33BA53-A729-49E4-9D1F-C1031684C1D8}.Release|x64.Build.0 = Release|Any CPU
		{FF33BA53-A729-49E4-9D1F-C1031684C1D8}.Release|x86.ActiveCfg = Release|Any CPU
		{FF33BA53-A729-49E4-9D1F-C1031684C1D8}.Release|x86.Build.0 = Release|Any CPU
	EndGlobalSection
	GlobalSection(SolutionProperties) = preSolution
		HideSolutionNode = FALSE
	EndGlobalSection
EndGlobal
